
Microsoft Visual Studio Solution File, Format Version 12.00
# Visual Studio Version 16
VisualStudioVersion = 16.0.28922.388
MinimumVisualStudioVersion = 10.0.40219.1
Project("{9092AA53-FB77-4645-B42D-1CCCA6BD08BD}") = "FirstApp", "FirstApp\FirstApp.njsproj", "{BF6301E0-AF22-4E2B-BAAD-A2B938C5CF1B}"
EndProject
Global
	GlobalSection(SolutionConfigurationPlatforms) = preSolution
		Debug|Any CPU = Debug|Any CPU
		Release|Any CPU = Release|Any CPU
	EndGlobalSection
	GlobalSection(ProjectConfigurationPlatforms) = postSolution
		{BF6301E0-AF22-4E2B-BAAD-A2B938C5CF1B}.Debug|Any CPU.ActiveCfg = Debug|Any CPU
		{BF6301E0-AF22-4E2B-BAAD-A2B938C5CF1B}.Debug|Any CPU.Build.0 = Debug|Any CPU
		{BF6301E0-AF22-4E2B-BAAD-A2B938C5CF1B}.Release|Any CPU.ActiveCfg = Release|Any CPU
		{BF6301E0-AF22-4E2B-BAAD-A2B938C5CF1B}.Release|Any CPU.Build.0 = Release|Any CPU
	EndGlobalSection
	GlobalSection(SolutionProperties) = preSolution
		HideSolutionNode = FALSE
	EndGlobalSection
	GlobalSection(ExtensibilityGlobals) = postSolution
		SolutionGuid = {EE107580-51AC-4A8F-902C-36ED2D796C37}
	EndGlobalSection
EndGlobal
