
Microsoft Visual Studio Solution File, Format Version 12.00
# Visual Studio Version 16
VisualStudioVersion = 16.0.28922.388
MinimumVisualStudioVersion = 10.0.40219.1
Project("{9092AA53-FB77-4645-B42D-1CCCA6BD08BD}") = "HolaExpress", "HolaExpress\HolaExpress.njsproj", "{E902868A-FE49-4CA6-8CDF-FBC9600CD4B7}"
EndProject
Global
	GlobalSection(SolutionConfigurationPlatforms) = preSolution
		Debug|Any CPU = Debug|Any CPU
		Release|Any CPU = Release|Any CPU
	EndGlobalSection
	GlobalSection(ProjectConfigurationPlatforms) = postSolution
		{E902868A-FE49-4CA6-8CDF-FBC9600CD4B7}.Debug|Any CPU.ActiveCfg = Debug|Any CPU
		{E902868A-FE49-4CA6-8CDF-FBC9600CD4B7}.Debug|Any CPU.Build.0 = Debug|Any CPU
		{E902868A-FE49-4CA6-8CDF-FBC9600CD4B7}.Release|Any CPU.ActiveCfg = Release|Any CPU
		{E902868A-FE49-4CA6-8CDF-FBC9600CD4B7}.Release|Any CPU.Build.0 = Release|Any CPU
	EndGlobalSection
	GlobalSection(SolutionProperties) = preSolution
		HideSolutionNode = FALSE
	EndGlobalSection
	GlobalSection(ExtensibilityGlobals) = postSolution
		SolutionGuid = {35E99565-F07F-4D58-95EE-5ECAE3E91A44}
	EndGlobalSection
EndGlobal
